
Microsoft Visual Studio Solution File, Format Version 12.00
# Visual Studio 15
VisualStudioVersion = 15.0.27130.2036
MinimumVisualStudioVersion = 10.0.40219.1
Project("{FAE04EC0-301F-11D3-BF4B-00C04F79EFBC}") = "WindowsFormsApp1", "WindowsFormsApp1\WindowsFormsApp1.csproj", "{B2430A7B-7CE2-489C-B944-B33F82C52CE4}"
EndProject
Project("{2150E333-8FDC-42A3-9474-1A3956D46DE8}") = "Datos", "Datos", "{BFEA187F-75B6-4AEB-BCD0-EFFA6DFA8370}"
	ProjectSection(SolutionItems) = preProject
		Conexion.vb = Conexion.vb
		fcliente.vb = fcliente.vb
	EndProjectSection
EndProject
Project("{2150E333-8FDC-42A3-9474-1A3956D46DE8}") = "Logica", "Logica", "{527926F6-DC62-4CD4-91A4-46B7F0E9955C}"
EndProject
Project("{2150E333-8FDC-42A3-9474-1A3956D46DE8}") = "Presentacion", "Presentacion", "{6DDC9886-7C5D-4E29-BD8E-F8CC848AE38E}"
EndProject
Project("{2150E333-8FDC-42A3-9474-1A3956D46DE8}") = "Reporte", "Reporte", "{BA549024-02DA-42D9-B552-74DF8AEAF67E}"
EndProject
Global
	GlobalSection(SolutionConfigurationPlatforms) = preSolution
		Debug|Any CPU = Debug|Any CPU
		Release|Any CPU = Release|Any CPU
	EndGlobalSection
	GlobalSection(ProjectConfigurationPlatforms) = postSolution
		{B2430A7B-7CE2-489C-B944-B33F82C52CE4}.Debug|Any CPU.ActiveCfg = Debug|Any CPU
		{B2430A7B-7CE2-489C-B944-B33F82C52CE4}.Debug|Any CPU.Build.0 = Debug|Any CPU
		{B2430A7B-7CE2-489C-B944-B33F82C52CE4}.Release|Any CPU.ActiveCfg = Release|Any CPU
		{B2430A7B-7CE2-489C-B944-B33F82C52CE4}.Release|Any CPU.Build.0 = Release|Any CPU
	EndGlobalSection
	GlobalSection(SolutionProperties) = preSolution
		HideSolutionNode = FALSE
	EndGlobalSection
	GlobalSection(ExtensibilityGlobals) = postSolution
		SolutionGuid = {344DBD15-56E4-45B2-B624-744710B0517F}
	EndGlobalSection
EndGlobal
